dependencies:
- name: controlpanel-api
  repository: file://./controlpanel-api
  version: 0.1.0
- name: controlpanel-front
  repository: file://./controlpanel-front
  version: 0.1.0
- name: deployment-manager
  repository: file://./deployment-manager
  version: 0.1.0
digest: sha256:a22f3e5a438bd0600b8f7472a01a496e237d6d4d670635bb3d904598e8ed16ce
generated: "2025-05-23T14:40:22.1483663+02:00"
